PODS:
  - AMScrollingNavbar (5.6.1)
  - Cartography (3.1.0)
  - Charts (3.6.0):
    - Charts/Core (= 3.6.0)
  - Charts/Core (3.6.0)
  - EasyStash (1.1.7)
  - MaterialComponents/ActivityIndicator (124.1.1):
    - MaterialComponents/Palettes
    - MaterialComponents/private/Application
    - MDFInternationalization
    - MotionAnimator (~> 4.0)
  - MaterialComponents/Palettes (124.1.1)
  - MaterialComponents/private/Application (124.1.1)
  - MDFInternationalization (2.0.0)
  - MotionAnimator (4.0.1):
    - MotionInterchange (~> 3.0)
  - MotionInterchange (3.0.0)
  - R.swift (5.2.2):
    - R.swift.Library (~> 5.2.0)
  - R.swift.Library (5.2.0)
  - SwiftFormat/CLI (0.44.17)
  - SwiftLint (0.39.2)

DEPENDENCIES:
  - AMScrollingNavbar
  - Cartography (~> 3.0)
  - Charts
  - EasyStash
  - MaterialComponents/ActivityIndicator
  - R.swift
  - SwiftFormat/CLI
  - SwiftLint

SPEC REPOS:
  trunk:
    - AMScrollingNavbar
    - Cartography
    - Charts
    - EasyStash
    - MaterialComponents
    - MDFInternationalization
    - MotionAnimator
    - MotionInterchange
    - R.swift
    - R.swift.Library
    - SwiftFormat
    - SwiftLint

SPEC CHECKSUMS:
  AMScrollingNavbar: 602dd7a26efd0edb40d67ec20b5ee80b9f573bbb
  Cartography: 1988b7578871a56c036e7af17195cb2190edf18c
  Charts: b1e3a1f5a1c9ba5394438ca3b91bd8c9076310af
  EasyStash: 29813c9bca4ace671c86d932b3acffe91d6c4e43
  MaterialComponents: b9f58f24bf74588a83b2dce05802a11aaed5257d
  MDFInternationalization: 010097556d6b09d2c4ea38e0820ea6d37be6a314
  MotionAnimator: 5f99d7c9592928c0f28a66283eda9c3b657dc480
  MotionInterchange: 13adae439b377e31d1674cc165539d50e1d1566a
  R.swift: 7c52cdc57a66840ffe6cbd8a823d732059d42a32
  R.swift.Library: 5ba4f1631300caf9a4d890186930da85d540769d
  SwiftFormat: 3b5caa6389b2b9adbc00e133b3ccc8c6e687a6a4
  SwiftLint: 22ccbbe3b8008684be5955693bab135e0ed6a447

PODFILE CHECKSUM: 3dd2e33ef4b463559d6462bf0e471d58f7aa9029

COCOAPODS: 1.9.3
