// !$*UTF8*$!
{
	archiveVersion = 1;
	classes = {
	};
	objectVersion = 51;
	objects = {

/* Begin PBXBuildFile section */
		7A9F7093CD9C87301A789C5C /* Pods_YandexTestTask.framework in Frameworks */ = {isa = PBXBuildFile; fileRef = F5FB55BFF3EC1A037D523A87 /* Pods_YandexTestTask.framework */; };
		C11524762604C980009D4402 /* Montserrat-Medium.ttf in Resources */ = {isa = PBXBuildFile; fileRef = C11524742604C977009D4402 /* Montserrat-Medium.ttf */; };
		C11524782604C983009D4402 /* Montserrat-Light.ttf in Resources */ = {isa = PBXBuildFile; fileRef = C11524752604C977009D4402 /* Montserrat-Light.ttf */; };
		C115247B2604CA25009D4402 /* Montserrat-Bold.ttf in Resources */ = {isa = PBXBuildFile; fileRef = C115247A2604CA1F009D4402 /* Montserrat-Bold.ttf */; };
		C11C6CE825DCFB85002F5EB6 /* AppDelegate.swift in Sources */ = {isa = PBXBuildFile; fileRef = C11C6CE725DCFB85002F5EB6 /* AppDelegate.swift */; };
		C11C6CEA25DCFB85002F5EB6 /* SceneDelegate.swift in Sources */ = {isa = PBXBuildFile; fileRef = C11C6CE925DCFB85002F5EB6 /* SceneDelegate.swift */; };
		C11C6CF125DCFB87002F5EB6 /* Assets.xcassets in Resources */ = {isa = PBXBuildFile; fileRef = C11C6CF025DCFB87002F5EB6 /* Assets.xcassets */; };
		C11C6D6525DD2B75002F5EB6 /* LaunchScreen.storyboard in Resources */ = {isa = PBXBuildFile; fileRef = C11C6D6425DD2B75002F5EB6 /* LaunchScreen.storyboard */; };
		C11C6D6F25DD31CD002F5EB6 /* R.generated.swift in Sources */ = {isa = PBXBuildFile; fileRef = C11C6D6E25DD31CD002F5EB6 /* R.generated.swift */; };
		C11C6D7425DD3325002F5EB6 /* StocksViewController.swift in Sources */ = {isa = PBXBuildFile; fileRef = C11C6D7325DD3325002F5EB6 /* StocksViewController.swift */; };
		C11C6D7C25DD4529002F5EB6 /* HorizontalSnappingController.swift in Sources */ = {isa = PBXBuildFile; fileRef = C11C6D7B25DD4529002F5EB6 /* HorizontalSnappingController.swift */; };
		C11C6D8025DD4575002F5EB6 /* BetterSappingLayout.swift in Sources */ = {isa = PBXBuildFile; fileRef = C11C6D7F25DD4575002F5EB6 /* BetterSappingLayout.swift */; };
		C11C6D8325DD5031002F5EB6 /* Constants.swift in Sources */ = {isa = PBXBuildFile; fileRef = C11C6D8225DD5031002F5EB6 /* Constants.swift */; };
		C11CCBC025E8E2DC00394969 /* FavouriteListViewController.swift in Sources */ = {isa = PBXBuildFile; fileRef = C11CCBBF25E8E2DC00394969 /* FavouriteListViewController.swift */; };
		C12054AC26023685003D986F /* MetricsCell.swift in Sources */ = {isa = PBXBuildFile; fileRef = C12054AB26023685003D986F /* MetricsCell.swift */; };
		C14C9CB225ECE69E004E9505 /* BaseControllerWithTableView.swift in Sources */ = {isa = PBXBuildFile; fileRef = C14C9CB125ECE69E004E9505 /* BaseControllerWithTableView.swift */; };
		C14DB73225FE4FC90079B960 /* DotMarkerView.swift in Sources */ = {isa = PBXBuildFile; fileRef = C14DB73125FE4FC90079B960 /* DotMarkerView.swift */; };
		C14DB73625FE58940079B960 /* String+Extension.swift in Sources */ = {isa = PBXBuildFile; fileRef = C14DB73525FE58940079B960 /* String+Extension.swift */; };
		C14DB73A25FF51570079B960 /* NewsViewController.swift in Sources */ = {isa = PBXBuildFile; fileRef = C14DB73925FF51570079B960 /* NewsViewController.swift */; };
		C14DB76D25FF53260079B960 /* NewsViewModel.swift in Sources */ = {isa = PBXBuildFile; fileRef = C14DB76C25FF53260079B960 /* NewsViewModel.swift */; };
		C14DB77025FF53E20079B960 /* NewsModel.swift in Sources */ = {isa = PBXBuildFile; fileRef = C14DB76F25FF53E20079B960 /* NewsModel.swift */; };
		C14DB77725FF6FC20079B960 /* NewsCell.swift in Sources */ = {isa = PBXBuildFile; fileRef = C14DB77625FF6FC20079B960 /* NewsCell.swift */; };
		C14DB7812600C5590079B960 /* MetricsViewController.swift in Sources */ = {isa = PBXBuildFile; fileRef = C14DB7802600C5590079B960 /* MetricsViewController.swift */; };
		C14DB7852600C5E30079B960 /* MetricsViewModel.swift in Sources */ = {isa = PBXBuildFile; fileRef = C14DB7842600C5E30079B960 /* MetricsViewModel.swift */; };
		C14DB7882600C6BA0079B960 /* MetricsModel.swift in Sources */ = {isa = PBXBuildFile; fileRef = C14DB7872600C6BA0079B960 /* MetricsModel.swift */; };
		C14DB78B260100FC0079B960 /* HeaderView.swift in Sources */ = {isa = PBXBuildFile; fileRef = C14DB78A260100FC0079B960 /* HeaderView.swift */; };
		C151A13225E8FD5C006EC2E0 /* CoreDataManager.swift in Sources */ = {isa = PBXBuildFile; fileRef = C151A13125E8FD5C006EC2E0 /* CoreDataManager.swift */; };
		C1526A2E25FA6A8300123673 /* FavouriteListViewModel.swift in Sources */ = {isa = PBXBuildFile; fileRef = C1526A2D25FA6A8300123673 /* FavouriteListViewModel.swift */; };
		C1526A3125FA6B3D00123673 /* StoksViewModel.swift in Sources */ = {isa = PBXBuildFile; fileRef = C1526A3025FA6B3D00123673 /* StoksViewModel.swift */; };
		C16591B4260356EA0051CECC /* NetworkMonitor.swift in Sources */ = {isa = PBXBuildFile; fileRef = C16591B3260356EA0051CECC /* NetworkMonitor.swift */; };
		C16591B726035C170051CECC /* NoInternetConnectionHeaderView.swift in Sources */ = {isa = PBXBuildFile; fileRef = C16591B626035C170051CECC /* NoInternetConnectionHeaderView.swift */; };
		C16591BB260363440051CECC /* NoInternetConnectionView.swift in Sources */ = {isa = PBXBuildFile; fileRef = C16591BA260363440051CECC /* NoInternetConnectionView.swift */; };
		C16FFC81260372AC0009F8DB /* RefreshButton.swift in Sources */ = {isa = PBXBuildFile; fileRef = C16FFC80260372AC0009F8DB /* RefreshButton.swift */; };
		C171F13F25F5FE8F00932732 /* StockDetailViewController.swift in Sources */ = {isa = PBXBuildFile; fileRef = C171F13E25F5FE8F00932732 /* StockDetailViewController.swift */; };
		C171F14325F608AF00932732 /* StockChartViewModel.swift in Sources */ = {isa = PBXBuildFile; fileRef = C171F14225F608AF00932732 /* StockChartViewModel.swift */; };
		C171F14625F60E9C00932732 /* UInavigationItem+Extension.swift in Sources */ = {isa = PBXBuildFile; fileRef = C171F14525F60E9C00932732 /* UInavigationItem+Extension.swift */; };
		C171F14B25F6143900932732 /* StockChartViewController.swift in Sources */ = {isa = PBXBuildFile; fileRef = C171F14A25F6143900932732 /* StockChartViewController.swift */; };
		C171F15B25F6396F00932732 /* WebSocketConntection.swift in Sources */ = {isa = PBXBuildFile; fileRef = C171F15A25F6396F00932732 /* WebSocketConntection.swift */; };
		C171F17A25F63F1000932732 /* TredesModel.swift in Sources */ = {isa = PBXBuildFile; fileRef = C171F17925F63F1000932732 /* TredesModel.swift */; };
		C171F17D25F65CAB00932732 /* CandlesModel.swift in Sources */ = {isa = PBXBuildFile; fileRef = C171F17C25F65CAB00932732 /* CandlesModel.swift */; };
		C171F1C325F8AE7D00932732 /* IntervalButton.swift in Sources */ = {isa = PBXBuildFile; fileRef = C171F1C225F8AE7D00932732 /* IntervalButton.swift */; };
		C171F1C725F8CF5000932732 /* Calculate.swift in Sources */ = {isa = PBXBuildFile; fileRef = C171F1C625F8CF5000932732 /* Calculate.swift */; };
		C17C451925E1600600B92050 /* TrendingListFullInfoModel.swift in Sources */ = {isa = PBXBuildFile; fileRef = C17C451825E1600600B92050 /* TrendingListFullInfoModel.swift */; };
		C17F0FFF25DFE3EB006CCA52 /* EmptyViewController.swift in Sources */ = {isa = PBXBuildFile; fileRef = C17F0FFE25DFE3EB006CCA52 /* EmptyViewController.swift */; };
		C17F103425E0EE88006CCA52 /* StocksListViewController.swift in Sources */ = {isa = PBXBuildFile; fileRef = C17F103325E0EE88006CCA52 /* StocksListViewController.swift */; };
		C17F103725E0F7FC006CCA52 /* StockCell.swift in Sources */ = {isa = PBXBuildFile; fileRef = C17F103625E0F7FC006CCA52 /* StockCell.swift */; };
		C17F103A25E0FF6C006CCA52 /* Colors.xcassets in Resources */ = {isa = PBXBuildFile; fileRef = C17F103925E0FF6C006CCA52 /* Colors.xcassets */; };
		C17F103E25E12242006CCA52 /* NetworkService.swift in Sources */ = {isa = PBXBuildFile; fileRef = C17F103D25E12242006CCA52 /* NetworkService.swift */; };
		C17F104625E12F06006CCA52 /* API.swift in Sources */ = {isa = PBXBuildFile; fileRef = C17F104525E12F06006CCA52 /* API.swift */; };
		C17F105125E132C7006CCA52 /* ConstituentsModel.swift in Sources */ = {isa = PBXBuildFile; fileRef = C17F105025E132C7006CCA52 /* ConstituentsModel.swift */; };
		C17F105525E13740006CCA52 /* StocksListViewModel.swift in Sources */ = {isa = PBXBuildFile; fileRef = C17F105425E13740006CCA52 /* StocksListViewModel.swift */; };
		C17F105925E14507006CCA52 /* CompanyProfileModel.swift in Sources */ = {isa = PBXBuildFile; fileRef = C17F105825E14506006CCA52 /* CompanyProfileModel.swift */; };
		C17F105C25E14E16006CCA52 /* CompanyQuoteModel.swift in Sources */ = {isa = PBXBuildFile; fileRef = C17F105B25E14E16006CCA52 /* CompanyQuoteModel.swift */; };
		C19C956025F27A5D00220CCF /* TagsView.swift in Sources */ = {isa = PBXBuildFile; fileRef = C19C955F25F27A5D00220CCF /* TagsView.swift */; };
		C19C956525F27B9400220CCF /* SearchView.swift in Sources */ = {isa = PBXBuildFile; fileRef = C19C956425F27B9400220CCF /* SearchView.swift */; };
		C19C956825F3675D00220CCF /* SearchResViewController.swift in Sources */ = {isa = PBXBuildFile; fileRef = C19C956725F3675D00220CCF /* SearchResViewController.swift */; };
		C19C957B25F36DDB00220CCF /* SymbolLookUpModel.swift in Sources */ = {isa = PBXBuildFile; fileRef = C19C957A25F36DDB00220CCF /* SymbolLookUpModel.swift */; };
		C1A6F7F825FCDB7A001FE340 /* BuyButton.swift in Sources */ = {isa = PBXBuildFile; fileRef = C1A6F7F725FCDB7A001FE340 /* BuyButton.swift */; };
		C1A96B3425FBB19200E4FBA5 /* StockDetailViewModel.swift in Sources */ = {isa = PBXBuildFile; fileRef = C1A96B3325FBB19200E4FBA5 /* StockDetailViewModel.swift */; };
		C1DADC7125E4F508003AB7E3 /* MenuBarCell.swift in Sources */ = {isa = PBXBuildFile; fileRef = C1DADC6E25E4F508003AB7E3 /* MenuBarCell.swift */; };
		C1DADC7225E4F508003AB7E3 /* MenuBarViewController.swift in Sources */ = {isa = PBXBuildFile; fileRef = C1DADC6F25E4F508003AB7E3 /* MenuBarViewController.swift */; };
		C1DADC7325E4F508003AB7E3 /* MenuContentCell.swift in Sources */ = {isa = PBXBuildFile; fileRef = C1DADC7025E4F508003AB7E3 /* MenuContentCell.swift */; };
		C1DADC8025E65404003AB7E3 /* AlertAssist.swift in Sources */ = {isa = PBXBuildFile; fileRef = C1DADC7F25E65404003AB7E3 /* AlertAssist.swift */; };
		C1EC470F25E8CF80004B99E7 /* YandexTestTask.xcdatamodeld in Sources */ = {isa = PBXBuildFile; fileRef = C1EC470D25E8CF80004B99E7 /* YandexTestTask.xcdatamodeld */; };
/* End PBXBuildFile section */

/* Begin PBXFileReference section */
		7B3A807B9087AC7587D5956F /* Pods-YandexTestTask.release.xcconfig */ = {isa = PBXFileReference; includeInIndex = 1; lastKnownFileType = text.xcconfig; name = "Pods-YandexTestTask.release.xcconfig"; path = "Target Support Files/Pods-YandexTestTask/Pods-YandexTestTask.release.xcconfig"; sourceTree = "<group>"; };
		A6F1A2E74ED6AA9AD7BBDDAA /* Pods-YandexTestTask.debug.xcconfig */ = {isa = PBXFileReference; includeInIndex = 1; lastKnownFileType = text.xcconfig; name = "Pods-YandexTestTask.debug.xcconfig"; path = "Target Support Files/Pods-YandexTestTask/Pods-YandexTestTask.debug.xcconfig"; sourceTree = "<group>"; };
		C11524742604C977009D4402 /* Montserrat-Medium.ttf */ = {isa = PBXFileReference; lastKnownFileType = file; path = "Montserrat-Medium.ttf"; sourceTree = "<group>"; };
		C11524752604C977009D4402 /* Montserrat-Light.ttf */ = {isa = PBXFileReference; lastKnownFileType = file; path = "Montserrat-Light.ttf"; sourceTree = "<group>"; };
		C115247A2604CA1F009D4402 /* Montserrat-Bold.ttf */ = {isa = PBXFileReference; lastKnownFileType = file; path = "Montserrat-Bold.ttf"; sourceTree = "<group>"; };
		C11C6CE425DCFB85002F5EB6 /* YandexTestTask.app */ = {isa = PBXFileReference; explicitFileType = wrapper.application; includeInIndex = 0; path = YandexTestTask.app; sourceTree = BUILT_PRODUCTS_DIR; };
		C11C6CE725DCFB85002F5EB6 /* AppDelegate.swift */ = {isa = PBXFileReference; lastKnownFileType = sourcecode.swift; path = AppDelegate.swift; sourceTree = "<group>"; };
		C11C6CE925DCFB85002F5EB6 /* SceneDelegate.swift */ = {isa = PBXFileReference; lastKnownFileType = sourcecode.swift; path = SceneDelegate.swift; sourceTree = "<group>"; };
		C11C6CF025DCFB87002F5EB6 /* Assets.xcassets */ = {isa = PBXFileReference; lastKnownFileType = folder.assetcatalog; path = Assets.xcassets; sourceTree = "<group>"; };
		C11C6CF525DCFB87002F5EB6 /* Info.plist */ = {isa = PBXFileReference; lastKnownFileType = text.plist.xml; path = Info.plist; sourceTree = "<group>"; };
		C11C6D6425DD2B75002F5EB6 /* LaunchScreen.storyboard */ = {isa = PBXFileReference; fileEncoding = 4; lastKnownFileType = file.storyboard; path = LaunchScreen.storyboard; sourceTree = "<group>"; };
		C11C6D6E25DD31CD002F5EB6 /* R.generated.swift */ = {isa = PBXFileReference; fileEncoding = 4; lastKnownFileType = sourcecode.swift; path = R.generated.swift; sourceTree = SOURCE_ROOT; };
		C11C6D7325DD3325002F5EB6 /* StocksViewController.swift */ = {isa = PBXFileReference; lastKnownFileType = sourcecode.swift; path = StocksViewController.swift; sourceTree = "<group>"; };
		C11C6D7B25DD4529002F5EB6 /* HorizontalSnappingController.swift */ = {isa = PBXFileReference; lastKnownFileType = sourcecode.swift; path = HorizontalSnappingController.swift; sourceTree = "<group>"; };
		C11C6D7F25DD4575002F5EB6 /* BetterSappingLayout.swift */ = {isa = PBXFileReference; lastKnownFileType = sourcecode.swift; path = BetterSappingLayout.swift; sourceTree = "<group>"; };
		C11C6D8225DD5031002F5EB6 /* Constants.swift */ = {isa = PBXFileReference; lastKnownFileType = sourcecode.swift; path = Constants.swift; sourceTree = "<group>"; };
		C11CCBBF25E8E2DC00394969 /* FavouriteListViewController.swift */ = {isa = PBXFileReference; lastKnownFileType = sourcecode.swift; path = FavouriteListViewController.swift; sourceTree = "<group>"; };
		C12054AB26023685003D986F /* MetricsCell.swift */ = {isa = PBXFileReference; lastKnownFileType = sourcecode.swift; path = MetricsCell.swift; sourceTree = "<group>"; };
		C14C9CB125ECE69E004E9505 /* BaseControllerWithTableView.swift */ = {isa = PBXFileReference; lastKnownFileType = sourcecode.swift; path = BaseControllerWithTableView.swift; sourceTree = "<group>"; };
		C14DB73125FE4FC90079B960 /* DotMarkerView.swift */ = {isa = PBXFileReference; lastKnownFileType = sourcecode.swift; path = DotMarkerView.swift; sourceTree = "<group>"; };
		C14DB73525FE58940079B960 /* String+Extension.swift */ = {isa = PBXFileReference; lastKnownFileType = sourcecode.swift; path = "String+Extension.swift"; sourceTree = "<group>"; };
		C14DB73925FF51570079B960 /* NewsViewController.swift */ = {isa = PBXFileReference; lastKnownFileType = sourcecode.swift; path = NewsViewController.swift; sourceTree = "<group>"; };
		C14DB76C25FF53260079B960 /* NewsViewModel.swift */ = {isa = PBXFileReference; lastKnownFileType = sourcecode.swift; path = NewsViewModel.swift; sourceTree = "<group>"; };
		C14DB76F25FF53E20079B960 /* NewsModel.swift */ = {isa = PBXFileReference; lastKnownFileType = sourcecode.swift; path = NewsModel.swift; sourceTree = "<group>"; };
		C14DB77625FF6FC20079B960 /* NewsCell.swift */ = {isa = PBXFileReference; lastKnownFileType = sourcecode.swift; path = NewsCell.swift; sourceTree = "<group>"; };
		C14DB7802600C5590079B960 /* MetricsViewController.swift */ = {isa = PBXFileReference; lastKnownFileType = sourcecode.swift; path = MetricsViewController.swift; sourceTree = "<group>"; };
		C14DB7842600C5E30079B960 /* MetricsViewModel.swift */ = {isa = PBXFileReference; lastKnownFileType = sourcecode.swift; path = MetricsViewModel.swift; sourceTree = "<group>"; };
		C14DB7872600C6BA0079B960 /* MetricsModel.swift */ = {isa = PBXFileReference; lastKnownFileType = sourcecode.swift; path = MetricsModel.swift; sourceTree = "<group>"; };
		C14DB78A260100FC0079B960 /* HeaderView.swift */ = {isa = PBXFileReference; lastKnownFileType = sourcecode.swift; path = HeaderView.swift; sourceTree = "<group>"; };
		C151A13125E8FD5C006EC2E0 /* CoreDataManager.swift */ = {isa = PBXFileReference; lastKnownFileType = sourcecode.swift; path = CoreDataManager.swift; sourceTree = "<group>"; };
		C1526A2D25FA6A8300123673 /* FavouriteListViewModel.swift */ = {isa = PBXFileReference; lastKnownFileType = sourcecode.swift; path = FavouriteListViewModel.swift; sourceTree = "<group>"; };
		C1526A3025FA6B3D00123673 /* StoksViewModel.swift */ = {isa = PBXFileReference; lastKnownFileType = sourcecode.swift; path = StoksViewModel.swift; sourceTree = "<group>"; };
		C16591B3260356EA0051CECC /* NetworkMonitor.swift */ = {isa = PBXFileReference; lastKnownFileType = sourcecode.swift; path = NetworkMonitor.swift; sourceTree = "<group>"; };
		C16591B626035C170051CECC /* NoInternetConnectionHeaderView.swift */ = {isa = PBXFileReference; lastKnownFileType = sourcecode.swift; path = NoInternetConnectionHeaderView.swift; sourceTree = "<group>"; };
		C16591BA260363440051CECC /* NoInternetConnectionView.swift */ = {isa = PBXFileReference; lastKnownFileType = sourcecode.swift; path = NoInternetConnectionView.swift; sourceTree = "<group>"; };
		C16FFC80260372AC0009F8DB /* RefreshButton.swift */ = {isa = PBXFileReference; lastKnownFileType = sourcecode.swift; path = RefreshButton.swift; sourceTree = "<group>"; };
		C171F13E25F5FE8F00932732 /* StockDetailViewController.swift */ = {isa = PBXFileReference; lastKnownFileType = sourcecode.swift; path = StockDetailViewController.swift; sourceTree = "<group>"; };
		C171F14225F608AF00932732 /* StockChartViewModel.swift */ = {isa = PBXFileReference; lastKnownFileType = sourcecode.swift; path = StockChartViewModel.swift; sourceTree = "<group>"; };
		C171F14525F60E9C00932732 /* UInavigationItem+Extension.swift */ = {isa = PBXFileReference; lastKnownFileType = sourcecode.swift; path = "UInavigationItem+Extension.swift"; sourceTree = "<group>"; };
		C171F14A25F6143900932732 /* StockChartViewController.swift */ = {isa = PBXFileReference; lastKnownFileType = sourcecode.swift; path = StockChartViewController.swift; sourceTree = "<group>"; };
		C171F15A25F6396F00932732 /* WebSocketConntection.swift */ = {isa = PBXFileReference; lastKnownFileType = sourcecode.swift; path = WebSocketConntection.swift; sourceTree = "<group>"; };
		C171F17925F63F1000932732 /* TredesModel.swift */ = {isa = PBXFileReference; lastKnownFileType = sourcecode.swift; path = TredesModel.swift; sourceTree = "<group>"; };
		C171F17C25F65CAB00932732 /* CandlesModel.swift */ = {isa = PBXFileReference; lastKnownFileType = sourcecode.swift; path = CandlesModel.swift; sourceTree = "<group>"; };
		C171F1C225F8AE7D00932732 /* IntervalButton.swift */ = {isa = PBXFileReference; lastKnownFileType = sourcecode.swift; path = IntervalButton.swift; sourceTree = "<group>"; };
		C171F1C625F8CF5000932732 /* Calculate.swift */ = {isa = PBXFileReference; lastKnownFileType = sourcecode.swift; path = Calculate.swift; sourceTree = "<group>"; };
		C17C451825E1600600B92050 /* TrendingListFullInfoModel.swift */ = {isa = PBXFileReference; lastKnownFileType = sourcecode.swift; path = TrendingListFullInfoModel.swift; sourceTree = "<group>"; };
		C17F0FFE25DFE3EB006CCA52 /* EmptyViewController.swift */ = {isa = PBXFileReference; lastKnownFileType = sourcecode.swift; path = EmptyViewController.swift; sourceTree = "<group>"; };
		C17F103325E0EE88006CCA52 /* StocksListViewController.swift */ = {isa = PBXFileReference; lastKnownFileType = sourcecode.swift; path = StocksListViewController.swift; sourceTree = "<group>"; };
		C17F103625E0F7FC006CCA52 /* StockCell.swift */ = {isa = PBXFileReference; lastKnownFileType = sourcecode.swift; path = StockCell.swift; sourceTree = "<group>"; };
		C17F103925E0FF6C006CCA52 /* Colors.xcassets */ = {isa = PBXFileReference; lastKnownFileType = folder.assetcatalog; path = Colors.xcassets; sourceTree = "<group>"; };
		C17F103D25E12242006CCA52 /* NetworkService.swift */ = {isa = PBXFileReference; lastKnownFileType = sourcecode.swift; path = NetworkService.swift; sourceTree = "<group>"; };
		C17F104525E12F06006CCA52 /* API.swift */ = {isa = PBXFileReference; lastKnownFileType = sourcecode.swift; path = API.swift; sourceTree = "<group>"; };
		C17F105025E132C7006CCA52 /* ConstituentsModel.swift */ = {isa = PBXFileReference; lastKnownFileType = sourcecode.swift; path = ConstituentsModel.swift; sourceTree = "<group>"; };
		C17F105425E13740006CCA52 /* StocksListViewModel.swift */ = {isa = PBXFileReference; lastKnownFileType = sourcecode.swift; path = StocksListViewModel.swift; sourceTree = "<group>"; };
		C17F105825E14506006CCA52 /* CompanyProfileModel.swift */ = {isa = PBXFileReference; lastKnownFileType = sourcecode.swift; path = CompanyProfileModel.swift; sourceTree = "<group>"; };
		C17F105B25E14E16006CCA52 /* CompanyQuoteModel.swift */ = {isa = PBXFileReference; lastKnownFileType = sourcecode.swift; path = CompanyQuoteModel.swift; sourceTree = "<group>"; };
		C19C955F25F27A5D00220CCF /* TagsView.swift */ = {isa = PBXFileReference; lastKnownFileType = sourcecode.swift; path = TagsView.swift; sourceTree = "<group>"; };
		C19C956425F27B9400220CCF /* SearchView.swift */ = {isa = PBXFileReference; lastKnownFileType = sourcecode.swift; path = SearchView.swift; sourceTree = "<group>"; };
		C19C956725F3675D00220CCF /* SearchResViewController.swift */ = {isa = PBXFileReference; lastKnownFileType = sourcecode.swift; path = SearchResViewController.swift; sourceTree = "<group>"; };
		C19C957A25F36DDB00220CCF /* SymbolLookUpModel.swift */ = {isa = PBXFileReference; lastKnownFileType = sourcecode.swift; path = SymbolLookUpModel.swift; sourceTree = "<group>"; };
		C1A6F7F725FCDB7A001FE340 /* BuyButton.swift */ = {isa = PBXFileReference; lastKnownFileType = sourcecode.swift; path = BuyButton.swift; sourceTree = "<group>"; };
		C1A96B3325FBB19200E4FBA5 /* StockDetailViewModel.swift */ = {isa = PBXFileReference; lastKnownFileType = sourcecode.swift; path = StockDetailViewModel.swift; sourceTree = "<group>"; };
		C1DADC6E25E4F508003AB7E3 /* MenuBarCell.swift */ = {isa = PBXFileReference; fileEncoding = 4; lastKnownFileType = sourcecode.swift; path = MenuBarCell.swift; sourceTree = "<group>"; };
		C1DADC6F25E4F508003AB7E3 /* MenuBarViewController.swift */ = {isa = PBXFileReference; fileEncoding = 4; lastKnownFileType = sourcecode.swift; path = MenuBarViewController.swift; sourceTree = "<group>"; };
		C1DADC7025E4F508003AB7E3 /* MenuContentCell.swift */ = {isa = PBXFileReference; fileEncoding = 4; lastKnownFileType = sourcecode.swift; path = MenuContentCell.swift; sourceTree = "<group>"; };
		C1DADC7F25E65404003AB7E3 /* AlertAssist.swift */ = {isa = PBXFileReference; lastKnownFileType = sourcecode.swift; path = AlertAssist.swift; sourceTree = "<group>"; };
		C1EC470E25E8CF80004B99E7 /* YandexTestTask.xcdatamodel */ = {isa = PBXFileReference; lastKnownFileType = wrapper.xcdatamodel; path = YandexTestTask.xcdatamodel; sourceTree = "<group>"; };
		F5FB55BFF3EC1A037D523A87 /* Pods_YandexTestTask.framework */ = {isa = PBXFileReference; explicitFileType = wrapper.framework; includeInIndex = 0; path = Pods_YandexTestTask.framework; sourceTree = BUILT_PRODUCTS_DIR; };
/* End PBXFileReference section */

/* Begin PBXFrameworksBuildPhase section */
		C11C6CE125DCFB85002F5EB6 /* Frameworks */ = {
			isa = PBXFrameworksBuildPhase;
			buildActionMask = 2147483647;
			files = (
				7A9F7093CD9C87301A789C5C /* Pods_YandexTestTask.framework in Frameworks */,
			);
			runOnlyForDeploymentPostprocessing = 0;
		};
/* End PBXFrameworksBuildPhase section */

/* Begin PBXGroup section */
		8286CB3A0A27EB8788DEC3D8 /* Pods */ = {
			isa = PBXGroup;
			children = (
				A6F1A2E74ED6AA9AD7BBDDAA /* Pods-YandexTestTask.debug.xcconfig */,
				7B3A807B9087AC7587D5956F /* Pods-YandexTestTask.release.xcconfig */,
			);
			path = Pods;
			sourceTree = "<group>";
		};
		B9DBBA605EA9492A255EA222 /* Frameworks */ = {
			isa = PBXGroup;
			children = (
				F5FB55BFF3EC1A037D523A87 /* Pods_YandexTestTask.framework */,
			);
			name = Frameworks;
			sourceTree = "<group>";
		};
		C11524732604C967009D4402 /* Fonts */ = {
			isa = PBXGroup;
			children = (
				C115247A2604CA1F009D4402 /* Montserrat-Bold.ttf */,
				C11524752604C977009D4402 /* Montserrat-Light.ttf */,
				C11524742604C977009D4402 /* Montserrat-Medium.ttf */,
			);
			path = Fonts;
			sourceTree = "<group>";
		};
		C11C6CDB25DCFB85002F5EB6 = {
			isa = PBXGroup;
			children = (
				C11C6CE625DCFB85002F5EB6 /* YandexTestTask */,
				C11C6D8D25DEA69F002F5EB6 /* Trash */,
				C11C6CE525DCFB85002F5EB6 /* Products */,
				8286CB3A0A27EB8788DEC3D8 /* Pods */,
				B9DBBA605EA9492A255EA222 /* Frameworks */,
			);
			sourceTree = "<group>";
		};
		C11C6CE525DCFB85002F5EB6 /* Products */ = {
			isa = PBXGroup;
			children = (
				C11C6CE425DCFB85002F5EB6 /* YandexTestTask.app */,
			);
			name = Products;
			sourceTree = "<group>";
		};
		C11C6CE625DCFB85002F5EB6 /* YandexTestTask */ = {
			isa = PBXGroup;
			children = (
				C171F14825F60EEB00932732 /* Extensions */,
				C19C955E25F27A5400220CCF /* SearchView */,
				C17F103C25E12228006CCA52 /* Service */,
				C11C6D7825DD3476002F5EB6 /* Models */,
				C11C6D7A25DD451E002F5EB6 /* Helpers */,
				C17F103225E0EE45006CCA52 /* MenuSwipeBar */,
				C19C956A25F3699800220CCF /* SearchResController */,
				C11C6D7125DD3308002F5EB6 /* StocksScreen */,
				C171F13D25F5FE6D00932732 /* StockDetailScreen */,
				C11C6D6A25DD2CCE002F5EB6 /* Resources */,
				C11C6D6725DD2B8D002F5EB6 /* Commons */,
			);
			path = YandexTestTask;
			sourceTree = "<group>";
		};
		C11C6D6725DD2B8D002F5EB6 /* Commons */ = {
			isa = PBXGroup;
			children = (
				C11C6CE925DCFB85002F5EB6 /* SceneDelegate.swift */,
				C11C6CE725DCFB85002F5EB6 /* AppDelegate.swift */,
				C11C6D6E25DD31CD002F5EB6 /* R.generated.swift */,
				C11C6CF525DCFB87002F5EB6 /* Info.plist */,
				C11C6D6425DD2B75002F5EB6 /* LaunchScreen.storyboard */,
			);
			path = Commons;
			sourceTree = "<group>";
		};
		C11C6D6A25DD2CCE002F5EB6 /* Resources */ = {
			isa = PBXGroup;
			children = (
				C11524732604C967009D4402 /* Fonts */,
				C11C6CF025DCFB87002F5EB6 /* Assets.xcassets */,
				C17F103925E0FF6C006CCA52 /* Colors.xcassets */,
				C1EC470D25E8CF80004B99E7 /* YandexTestTask.xcdatamodeld */,
			);
			path = Resources;
			sourceTree = "<group>";
		};
		C11C6D7125DD3308002F5EB6 /* StocksScreen */ = {
			isa = PBXGroup;
			children = (
				C11C6D7325DD3325002F5EB6 /* StocksViewController.swift */,
				C1526A3025FA6B3D00123673 /* StoksViewModel.swift */,
				C17F103625E0F7FC006CCA52 /* StockCell.swift */,
				C14C9CB125ECE69E004E9505 /* BaseControllerWithTableView.swift */,
				C15005E025FA68C300ECC378 /* StockListScreen */,
				C15005E225FA693900ECC378 /* StockFavouriteScreen */,
			);
			path = StocksScreen;
			sourceTree = "<group>";
		};
		C11C6D7825DD3476002F5EB6 /* Models */ = {
			isa = PBXGroup;
			children = (
				C17F105025E132C7006CCA52 /* ConstituentsModel.swift */,
				C17F105825E14506006CCA52 /* CompanyProfileModel.swift */,
				C17F105B25E14E16006CCA52 /* CompanyQuoteModel.swift */,
				C17C451825E1600600B92050 /* TrendingListFullInfoModel.swift */,
				C19C957A25F36DDB00220CCF /* SymbolLookUpModel.swift */,
				C171F17925F63F1000932732 /* TredesModel.swift */,
				C171F17C25F65CAB00932732 /* CandlesModel.swift */,
				C14DB76F25FF53E20079B960 /* NewsModel.swift */,
				C14DB7872600C6BA0079B960 /* MetricsModel.swift */,
			);
			path = Models;
			sourceTree = "<group>";
		};
		C11C6D7A25DD451E002F5EB6 /* Helpers */ = {
			isa = PBXGroup;
			children = (
				C11C6D8225DD5031002F5EB6 /* Constants.swift */,
				C17F0FFE25DFE3EB006CCA52 /* EmptyViewController.swift */,
				C1DADC7F25E65404003AB7E3 /* AlertAssist.swift */,
				C171F1C225F8AE7D00932732 /* IntervalButton.swift */,
				C1A6F7F725FCDB7A001FE340 /* BuyButton.swift */,
				C171F1C625F8CF5000932732 /* Calculate.swift */,
				C14DB78A260100FC0079B960 /* HeaderView.swift */,
				C16591B626035C170051CECC /* NoInternetConnectionHeaderView.swift */,
				C16591BA260363440051CECC /* NoInternetConnectionView.swift */,
				C16FFC80260372AC0009F8DB /* RefreshButton.swift */,
			);
			path = Helpers;
			sourceTree = "<group>";
		};
		C11C6D8D25DEA69F002F5EB6 /* Trash */ = {
			isa = PBXGroup;
			children = (
				C11C6D7B25DD4529002F5EB6 /* HorizontalSnappingController.swift */,
				C11C6D7F25DD4575002F5EB6 /* BetterSappingLayout.swift */,
			);
			path = Trash;
			sourceTree = "<group>";
		};
		C14DB73825FF510C0079B960 /* NewsScreen */ = {
			isa = PBXGroup;
			children = (
				C14DB73925FF51570079B960 /* NewsViewController.swift */,
				C14DB76C25FF53260079B960 /* NewsViewModel.swift */,
				C14DB77625FF6FC20079B960 /* NewsCell.swift */,
			);
			path = NewsScreen;
			sourceTree = "<group>";
		};
		C14DB77F2600C5430079B960 /* MetricsScreen */ = {
			isa = PBXGroup;
			children = (
				C14DB7802600C5590079B960 /* MetricsViewController.swift */,
				C14DB7842600C5E30079B960 /* MetricsViewModel.swift */,
				C12054AB26023685003D986F /* MetricsCell.swift */,
			);
			path = MetricsScreen;
			sourceTree = "<group>";
		};
		C15005E025FA68C300ECC378 /* StockListScreen */ = {
			isa = PBXGroup;
			children = (
				C17F103325E0EE88006CCA52 /* StocksListViewController.swift */,
				C17F105425E13740006CCA52 /* StocksListViewModel.swift */,
			);
			path = StockListScreen;
			sourceTree = "<group>";
		};
		C15005E225FA693900ECC378 /* StockFavouriteScreen */ = {
			isa = PBXGroup;
			children = (
				C11CCBBF25E8E2DC00394969 /* FavouriteListViewController.swift */,
				C1526A2D25FA6A8300123673 /* FavouriteListViewModel.swift */,
			);
			path = StockFavouriteScreen;
			sourceTree = "<group>";
		};
		C171F13D25F5FE6D00932732 /* StockDetailScreen */ = {
			isa = PBXGroup;
			children = (
				C171F13E25F5FE8F00932732 /* StockDetailViewController.swift */,
				C1A96B3325FBB19200E4FBA5 /* StockDetailViewModel.swift */,
				C1A96B2F25FBAF6800E4FBA5 /* StockChartScreen */,
				C14DB77F2600C5430079B960 /* MetricsScreen */,
				C14DB73825FF510C0079B960 /* NewsScreen */,
			);
			path = StockDetailScreen;
			sourceTree = "<group>";
		};
		C171F14825F60EEB00932732 /* Extensions */ = {
			isa = PBXGroup;
			children = (
				C171F14525F60E9C00932732 /* UInavigationItem+Extension.swift */,
				C14DB73525FE58940079B960 /* String+Extension.swift */,
			);
			path = Extensions;
			sourceTree = "<group>";
		};
		C17F103225E0EE45006CCA52 /* MenuSwipeBar */ = {
			isa = PBXGroup;
			children = (
				C1DADC6E25E4F508003AB7E3 /* MenuBarCell.swift */,
				C1DADC6F25E4F508003AB7E3 /* MenuBarViewController.swift */,
				C1DADC7025E4F508003AB7E3 /* MenuContentCell.swift */,
			);
			path = MenuSwipeBar;
			sourceTree = "<group>";
		};
		C17F103C25E12228006CCA52 /* Service */ = {
			isa = PBXGroup;
			children = (
				C17F104525E12F06006CCA52 /* API.swift */,
				C17F103D25E12242006CCA52 /* NetworkService.swift */,
				C151A13125E8FD5C006EC2E0 /* CoreDataManager.swift */,
				C171F15A25F6396F00932732 /* WebSocketConntection.swift */,
				C16591B3260356EA0051CECC /* NetworkMonitor.swift */,
			);
			path = Service;
			sourceTree = "<group>";
		};
		C19C955E25F27A5400220CCF /* SearchView */ = {
			isa = PBXGroup;
			children = (
				C19C955F25F27A5D00220CCF /* TagsView.swift */,
				C19C956425F27B9400220CCF /* SearchView.swift */,
			);
			path = SearchView;
			sourceTree = "<group>";
		};
		C19C956A25F3699800220CCF /* SearchResController */ = {
			isa = PBXGroup;
			children = (
				C19C956725F3675D00220CCF /* SearchResViewController.swift */,
			);
			path = SearchResController;
			sourceTree = "<group>";
		};
		C1A96B2F25FBAF6800E4FBA5 /* StockChartScreen */ = {
			isa = PBXGroup;
			children = (
				C171F14A25F6143900932732 /* StockChartViewController.swift */,
				C171F14225F608AF00932732 /* StockChartViewModel.swift */,
				C14DB73125FE4FC90079B960 /* DotMarkerView.swift */,
			);
			path = StockChartScreen;
			sourceTree = "<group>";
		};
/* End PBXGroup section */

/* Begin PBXNativeTarget section */
		C11C6CE325DCFB85002F5EB6 /* YandexTestTask */ = {
			isa = PBXNativeTarget;
			buildConfigurationList = C11C6CF825DCFB87002F5EB6 /* Build configuration list for PBXNativeTarget "YandexTestTask" */;
			buildPhases = (
				24CB7B55A16ADCD8A181153A /* [CP] Check Pods Manifest.lock */,
				C11C6D1525DCFDEF002F5EB6 /* SwiftFormat */,
				C11C6D2A25DCFFB2002F5EB6 /* SwiftLint */,
				C11C6D3925DD0152002F5EB6 /* RSwift */,
				C11C6CE025DCFB85002F5EB6 /* Sources */,
				C11C6CE125DCFB85002F5EB6 /* Frameworks */,
				C11C6CE225DCFB85002F5EB6 /* Resources */,
				980E0A6FD01B2699A9AADC34 /* [CP] Embed Pods Frameworks */,
			);
			buildRules = (
			);
			dependencies = (
			);
			name = YandexTestTask;
			productName = YandexTestTask;
			productReference = C11C6CE425DCFB85002F5EB6 /* YandexTestTask.app */;
			productType = "com.apple.product-type.application";
		};
/* End PBXNativeTarget section */

/* Begin PBXProject section */
		C11C6CDC25DCFB85002F5EB6 /* Project object */ = {
			isa = PBXProject;
			attributes = {
				LastSwiftUpdateCheck = 1240;
				LastUpgradeCheck = 1240;
				TargetAttributes = {
					C11C6CE325DCFB85002F5EB6 = {
						CreatedOnToolsVersion = 12.4;
					};
				};
			};
			buildConfigurationList = C11C6CDF25DCFB85002F5EB6 /* Build configuration list for PBXProject "YandexTestTask" */;
			compatibilityVersion = "Xcode 9.3";
			developmentRegion = en;
			hasScannedForEncodings = 0;
			knownRegions = (
				en,
				Base,
			);
			mainGroup = C11C6CDB25DCFB85002F5EB6;
			productRefGroup = C11C6CE525DCFB85002F5EB6 /* Products */;
			projectDirPath = "";
			projectRoot = "";
			targets = (
				C11C6CE325DCFB85002F5EB6 /* YandexTestTask */,
			);
		};
/* End PBXProject section */

/* Begin PBXResourcesBuildPhase section */
		C11C6CE225DCFB85002F5EB6 /* Resources */ = {
			isa = PBXResourcesBuildPhase;
			buildActionMask = 2147483647;
			files = (
				C11524782604C983009D4402 /* Montserrat-Light.ttf in Resources */,
				C17F103A25E0FF6C006CCA52 /* Colors.xcassets in Resources */,
				C115247B2604CA25009D4402 /* Montserrat-Bold.ttf in Resources */,
				C11C6D6525DD2B75002F5EB6 /* LaunchScreen.storyboard in Resources */,
				C11524762604C980009D4402 /* Montserrat-Medium.ttf in Resources */,
				C11C6CF125DCFB87002F5EB6 /* Assets.xcassets in Resources */,
			);
			runOnlyForDeploymentPostprocessing = 0;
		};
/* End PBXResourcesBuildPhase section */

/* Begin PBXShellScriptBuildPhase section */
		24CB7B55A16ADCD8A181153A /* [CP] Check Pods Manifest.lock */ = {
			isa = PBXShellScriptBuildPhase;
			buildActionMask = 2147483647;
			files = (
			);
			inputFileListPaths = (
			);
			inputPaths = (
				"${PODS_PODFILE_DIR_PATH}/Podfile.lock",
				"${PODS_ROOT}/Manifest.lock",
			);
			name = "[CP] Check Pods Manifest.lock";
			outputFileListPaths = (
			);
			outputPaths = (
				"$(DERIVED_FILE_DIR)/Pods-YandexTestTask-checkManifestLockResult.txt",
			);
			runOnlyForDeploymentPostprocessing = 0;
			shellPath = /bin/sh;
			shellScript = "diff \"${PODS_PODFILE_DIR_PATH}/Podfile.lock\" \"${PODS_ROOT}/Manifest.lock\" > /dev/null\nif [ $? != 0 ] ; then\n    # print error to STDERR\n    echo \"error: The sandbox is not in sync with the Podfile.lock. Run 'pod install' or update your CocoaPods installation.\" >&2\n    exit 1\nfi\n# This output is used by Xcode 'outputs' to avoid re-running this script phase.\necho \"SUCCESS\" > \"${SCRIPT_OUTPUT_FILE_0}\"\n";
			showEnvVarsInLog = 0;
		};
		980E0A6FD01B2699A9AADC34 /* [CP] Embed Pods Frameworks */ = {
			isa = PBXShellScriptBuildPhase;
			buildActionMask = 2147483647;
			files = (
			);
			inputFileListPaths = (
				"${PODS_ROOT}/Target Support Files/Pods-YandexTestTask/Pods-YandexTestTask-frameworks-${CONFIGURATION}-input-files.xcfilelist",
			);
			name = "[CP] Embed Pods Frameworks";
			outputFileListPaths = (
				"${PODS_ROOT}/Target Support Files/Pods-YandexTestTask/Pods-YandexTestTask-frameworks-${CONFIGURATION}-output-files.xcfilelist",
			);
			runOnlyForDeploymentPostprocessing = 0;
			shellPath = /bin/sh;
			shellScript = "\"${PODS_ROOT}/Target Support Files/Pods-YandexTestTask/Pods-YandexTestTask-frameworks.sh\"\n";
			showEnvVarsInLog = 0;
		};
		C11C6D1525DCFDEF002F5EB6 /* SwiftFormat */ = {
			isa = PBXShellScriptBuildPhase;
			buildActionMask = 2147483647;
			files = (
			);
			inputFileListPaths = (
			);
			inputPaths = (
			);
			name = SwiftFormat;
			outputFileListPaths = (
			);
			outputPaths = (
			);
			runOnlyForDeploymentPostprocessing = 0;
			shellPath = /bin/sh;
			shellScript = "\"${PODS_ROOT}/SwiftFormat/CommandLineTool/swiftformat\" \"$SRCROOT\"\n";
		};
		C11C6D2A25DCFFB2002F5EB6 /* SwiftLint */ = {
			isa = PBXShellScriptBuildPhase;
			buildActionMask = 2147483647;
			files = (
			);
			inputFileListPaths = (
			);
			inputPaths = (
			);
			name = SwiftLint;
			outputFileListPaths = (
			);
			outputPaths = (
			);
			runOnlyForDeploymentPostprocessing = 0;
			shellPath = /bin/sh;
			shellScript = "${PODS_ROOT}/SwiftLint/swiftlint\n";
		};
		C11C6D3925DD0152002F5EB6 /* RSwift */ = {
			isa = PBXShellScriptBuildPhase;
			buildActionMask = 2147483647;
			files = (
			);
			inputFileListPaths = (
			);
			inputPaths = (
				"$TEMP_DIR/rswift-lastrun",
			);
			name = RSwift;
			outputFileListPaths = (
			);
			outputPaths = (
				$SRCROOT/R.generated.swift,
			);
			runOnlyForDeploymentPostprocessing = 0;
			shellPath = /bin/sh;
			shellScript = "\"$PODS_ROOT/R.swift/rswift\" generate \"$SRCROOT/R.generated.swift\"\n";
		};
/* End PBXShellScriptBuildPhase section */

/* Begin PBXSourcesBuildPhase section */
		C11C6CE025DCFB85002F5EB6 /* Sources */ = {
			isa = PBXSourcesBuildPhase;
			buildActionMask = 2147483647;
			files = (
				C171F14625F60E9C00932732 /* UInavigationItem+Extension.swift in Sources */,
				C171F13F25F5FE8F00932732 /* StockDetailViewController.swift in Sources */,
				C16591BB260363440051CECC /* NoInternetConnectionView.swift in Sources */,
				C1DADC7225E4F508003AB7E3 /* MenuBarViewController.swift in Sources */,
				C12054AC26023685003D986F /* MetricsCell.swift in Sources */,
				C14DB7812600C5590079B960 /* MetricsViewController.swift in Sources */,
				C11C6CE825DCFB85002F5EB6 /* AppDelegate.swift in Sources */,
				C11C6CEA25DCFB85002F5EB6 /* SceneDelegate.swift in Sources */,
				C16591B4260356EA0051CECC /* NetworkMonitor.swift in Sources */,
				C19C957B25F36DDB00220CCF /* SymbolLookUpModel.swift in Sources */,
				C11CCBC025E8E2DC00394969 /* FavouriteListViewController.swift in Sources */,
				C17F103725E0F7FC006CCA52 /* StockCell.swift in Sources */,
				C171F1C725F8CF5000932732 /* Calculate.swift in Sources */,
				C1526A2E25FA6A8300123673 /* FavouriteListViewModel.swift in Sources */,
				C171F14325F608AF00932732 /* StockChartViewModel.swift in Sources */,
				C1DADC7325E4F508003AB7E3 /* MenuContentCell.swift in Sources */,
				C14DB73625FE58940079B960 /* String+Extension.swift in Sources */,
				C151A13225E8FD5C006EC2E0 /* CoreDataManager.swift in Sources */,
				C1DADC8025E65404003AB7E3 /* AlertAssist.swift in Sources */,
				C14DB76D25FF53260079B960 /* NewsViewModel.swift in Sources */,
				C19C956025F27A5D00220CCF /* TagsView.swift in Sources */,
				C14DB7852600C5E30079B960 /* MetricsViewModel.swift in Sources */,
				C171F17A25F63F1000932732 /* TredesModel.swift in Sources */,
				C17F105925E14507006CCA52 /* CompanyProfileModel.swift in Sources */,
				C17F105525E13740006CCA52 /* StocksListViewModel.swift in Sources */,
				C17F0FFF25DFE3EB006CCA52 /* EmptyViewController.swift in Sources */,
				C11C6D8025DD4575002F5EB6 /* BetterSappingLayout.swift in Sources */,
				C14DB77725FF6FC20079B960 /* NewsCell.swift in Sources */,
				C11C6D7425DD3325002F5EB6 /* StocksViewController.swift in Sources */,
				C17F105C25E14E16006CCA52 /* CompanyQuoteModel.swift in Sources */,
				C1A6F7F825FCDB7A001FE340 /* BuyButton.swift in Sources */,
				C171F17D25F65CAB00932732 /* CandlesModel.swift in Sources */,
				C17F104625E12F06006CCA52 /* API.swift in Sources */,
				C171F1C325F8AE7D00932732 /* IntervalButton.swift in Sources */,
				C14DB73225FE4FC90079B960 /* DotMarkerView.swift in Sources */,
				C11C6D8325DD5031002F5EB6 /* Constants.swift in Sources */,
				C11C6D6F25DD31CD002F5EB6 /* R.generated.swift in Sources */,
				C17F105125E132C7006CCA52 /* ConstituentsModel.swift in Sources */,
				C19C956525F27B9400220CCF /* SearchView.swift in Sources */,
				C14C9CB225ECE69E004E9505 /* BaseControllerWithTableView.swift in Sources */,
				C14DB73A25FF51570079B960 /* NewsViewController.swift in Sources */,
				C17C451925E1600600B92050 /* TrendingListFullInfoModel.swift in Sources */,
				C171F15B25F6396F00932732 /* WebSocketConntection.swift in Sources */,
				C14DB77025FF53E20079B960 /* NewsModel.swift in Sources */,
				C1A96B3425FBB19200E4FBA5 /* StockDetailViewModel.swift in Sources */,
				C1DADC7125E4F508003AB7E3 /* MenuBarCell.swift in Sources */,
				C11C6D7C25DD4529002F5EB6 /* HorizontalSnappingController.swift in Sources */,
				C19C956825F3675D00220CCF /* SearchResViewController.swift in Sources */,
				C1526A3125FA6B3D00123673 /* StoksViewModel.swift in Sources */,
				C171F14B25F6143900932732 /* StockChartViewController.swift in Sources */,
				C1EC470F25E8CF80004B99E7 /* YandexTestTask.xcdatamodeld in Sources */,
				C14DB7882600C6BA0079B960 /* MetricsModel.swift in Sources */,
				C16591B726035C170051CECC /* NoInternetConnectionHeaderView.swift in Sources */,
				C17F103E25E12242006CCA52 /* NetworkService.swift in Sources */,
				C17F103425E0EE88006CCA52 /* StocksListViewController.swift in Sources */,
				C16FFC81260372AC0009F8DB /* RefreshButton.swift in Sources */,
				C14DB78B260100FC0079B960 /* HeaderView.swift in Sources */,
			);
			runOnlyForDeploymentPostprocessing = 0;
		};
/* End PBXSourcesBuildPhase section */

/* Begin XCBuildConfiguration section */
		C11C6CF625DCFB87002F5EB6 /* Debug */ = {
			isa = XCBuildConfiguration;
			buildSettings = {
				ALWAYS_SEARCH_USER_PATHS = NO;
				CLANG_ANALYZER_NONNULL = YES;
				CLANG_ANALYZER_NUMBER_OBJECT_CONVERSION = YES_AGGRESSIVE;
				CLANG_CXX_LANGUAGE_STANDARD = "gnu++14";
				CLANG_CXX_LIBRARY = "libc++";
				CLANG_ENABLE_MODULES = YES;
				CLANG_ENABLE_OBJC_ARC = YES;
				CLANG_ENABLE_OBJC_WEAK = YES;
				CLANG_WARN_BLOCK_CAPTURE_AUTORELEASING = YES;
				CLANG_WARN_BOOL_CONVERSION = YES;
				CLANG_WARN_COMMA = YES;
				CLANG_WARN_CONSTANT_CONVERSION = YES;
				CLANG_WARN_DEPRECATED_OBJC_IMPLEMENTATIONS = YES;
				CLANG_WARN_DIRECT_OBJC_ISA_USAGE = YES_ERROR;
				CLANG_WARN_DOCUMENTATION_COMMENTS = YES;
				CLANG_WARN_EMPTY_BODY = YES;
				CLANG_WARN_ENUM_CONVERSION = YES;
				CLANG_WARN_INFINITE_RECURSION = YES;
				CLANG_WARN_INT_CONVERSION = YES;
				CLANG_WARN_NON_LITERAL_NULL_CONVERSION = YES;
				CLANG_WARN_OBJC_IMPLICIT_RETAIN_SELF = YES;
				CLANG_WARN_OBJC_LITERAL_CONVERSION = YES;
				CLANG_WARN_OBJC_ROOT_CLASS = YES_ERROR;
				CLANG_WARN_QUOTED_INCLUDE_IN_FRAMEWORK_HEADER = YES;
				CLANG_WARN_RANGE_LOOP_ANALYSIS = YES;
				CLANG_WARN_STRICT_PROTOTYPES = YES;
				CLANG_WARN_SUSPICIOUS_MOVE = YES;
				CLANG_WARN_UNGUARDED_AVAILABILITY = YES_AGGRESSIVE;
				CLANG_WARN_UNREACHABLE_CODE = YES;
				CLANG_WARN__DUPLICATE_METHOD_MATCH = YES;
				COPY_PHASE_STRIP = NO;
				DEBUG_INFORMATION_FORMAT = dwarf;
				ENABLE_STRICT_OBJC_MSGSEND = YES;
				ENABLE_TESTABILITY = YES;
				GCC_C_LANGUAGE_STANDARD = gnu11;
				GCC_DYNAMIC_NO_PIC = NO;
				GCC_NO_COMMON_BLOCKS = YES;
				GCC_OPTIMIZATION_LEVEL = 0;
				GCC_PREPROCESSOR_DEFINITIONS = (
					"DEBUG=1",
					"$(inherited)",
				);
				GCC_WARN_64_TO_32_BIT_CONVERSION = YES;
				GCC_WARN_ABOUT_RETURN_TYPE = YES_ERROR;
				GCC_WARN_UNDECLARED_SELECTOR = YES;
				GCC_WARN_UNINITIALIZED_AUTOS = YES_AGGRESSIVE;
				GCC_WARN_UNUSED_FUNCTION = YES;
				GCC_WARN_UNUSED_VARIABLE = YES;
				IPHONEOS_DEPLOYMENT_TARGET = 14.4;
				MTL_ENABLE_DEBUG_INFO = INCLUDE_SOURCE;
				MTL_FAST_MATH = YES;
				ONLY_ACTIVE_ARCH = YES;
				SDKROOT = iphoneos;
				SWIFT_ACTIVE_COMPILATION_CONDITIONS = DEBUG;
				SWIFT_OPTIMIZATION_LEVEL = "-Onone";
			};
			name = Debug;
		};
		C11C6CF725DCFB87002F5EB6 /* Release */ = {
			isa = XCBuildConfiguration;
			buildSettings = {
				ALWAYS_SEARCH_USER_PATHS = NO;
				CLANG_ANALYZER_NONNULL = YES;
				CLANG_ANALYZER_NUMBER_OBJECT_CONVERSION = YES_AGGRESSIVE;
				CLANG_CXX_LANGUAGE_STANDARD = "gnu++14";
				CLANG_CXX_LIBRARY = "libc++";
				CLANG_ENABLE_MODULES = YES;
				CLANG_ENABLE_OBJC_ARC = YES;
				CLANG_ENABLE_OBJC_WEAK = YES;
				CLANG_WARN_BLOCK_CAPTURE_AUTORELEASING = YES;
				CLANG_WARN_BOOL_CONVERSION = YES;
				CLANG_WARN_COMMA = YES;
				CLANG_WARN_CONSTANT_CONVERSION = YES;
				CLANG_WARN_DEPRECATED_OBJC_IMPLEMENTATIONS = YES;
				CLANG_WARN_DIRECT_OBJC_ISA_USAGE = YES_ERROR;
				CLANG_WARN_DOCUMENTATION_COMMENTS = YES;
				CLANG_WARN_EMPTY_BODY = YES;
				CLANG_WARN_ENUM_CONVERSION = YES;
				CLANG_WARN_INFINITE_RECURSION = YES;
				CLANG_WARN_INT_CONVERSION = YES;
				CLANG_WARN_NON_LITERAL_NULL_CONVERSION = YES;
				CLANG_WARN_OBJC_IMPLICIT_RETAIN_SELF = YES;
				CLANG_WARN_OBJC_LITERAL_CONVERSION = YES;
				CLANG_WARN_OBJC_ROOT_CLASS = YES_ERROR;
				CLANG_WARN_QUOTED_INCLUDE_IN_FRAMEWORK_HEADER = YES;
				CLANG_WARN_RANGE_LOOP_ANALYSIS = YES;
				CLANG_WARN_STRICT_PROTOTYPES = YES;
				CLANG_WARN_SUSPICIOUS_MOVE = YES;
				CLANG_WARN_UNGUARDED_AVAILABILITY = YES_AGGRESSIVE;
				CLANG_WARN_UNREACHABLE_CODE = YES;
				CLANG_WARN__DUPLICATE_METHOD_MATCH = YES;
				COPY_PHASE_STRIP = NO;
				DEBUG_INFORMATION_FORMAT = "dwarf-with-dsym";
				ENABLE_NS_ASSERTIONS = NO;
				ENABLE_STRICT_OBJC_MSGSEND = YES;
				GCC_C_LANGUAGE_STANDARD = gnu11;
				GCC_NO_COMMON_BLOCKS = YES;
				GCC_WARN_64_TO_32_BIT_CONVERSION = YES;
				GCC_WARN_ABOUT_RETURN_TYPE = YES_ERROR;
				GCC_WARN_UNDECLARED_SELECTOR = YES;
				GCC_WARN_UNINITIALIZED_AUTOS = YES_AGGRESSIVE;
				GCC_WARN_UNUSED_FUNCTION = YES;
				GCC_WARN_UNUSED_VARIABLE = YES;
				IPHONEOS_DEPLOYMENT_TARGET = 14.4;
				MTL_ENABLE_DEBUG_INFO = NO;
				MTL_FAST_MATH = YES;
				SDKROOT = iphoneos;
				SWIFT_COMPILATION_MODE = wholemodule;
				SWIFT_OPTIMIZATION_LEVEL = "-O";
				VALIDATE_PRODUCT = YES;
			};
			name = Release;
		};
		C11C6CF925DCFB87002F5EB6 /* Debug */ = {
			isa = XCBuildConfiguration;
			baseConfigurationReference = A6F1A2E74ED6AA9AD7BBDDAA /* Pods-YandexTestTask.debug.xcconfig */;
			buildSettings = {
				ASSETCATALOG_COMPILER_APPICON_NAME = AppIcon;
				ASSETCATALOG_COMPILER_GLOBAL_ACCENT_COLOR_NAME = AccentColor;
				CODE_SIGN_STYLE = Automatic;
				DEVELOPMENT_TEAM = 658L6ZPG56;
				INFOPLIST_FILE = YandexTestTask/Commons/Info.plist;
				LD_RUNPATH_SEARCH_PATHS = (
					"$(inherited)",
					"@executable_path/Frameworks",
				);
				PRODUCT_BUNDLE_IDENTIFIER = vasilymatveev.YandexTestTask;
				PRODUCT_NAME = "$(TARGET_NAME)";
				SWIFT_VERSION = 5.0;
				TARGETED_DEVICE_FAMILY = 1;
			};
			name = Debug;
		};
		C11C6CFA25DCFB87002F5EB6 /* Release */ = {
			isa = XCBuildConfiguration;
			baseConfigurationReference = 7B3A807B9087AC7587D5956F /* Pods-YandexTestTask.release.xcconfig */;
			buildSettings = {
				ASSETCATALOG_COMPILER_APPICON_NAME = AppIcon;
				ASSETCATALOG_COMPILER_GLOBAL_ACCENT_COLOR_NAME = AccentColor;
				CODE_SIGN_STYLE = Automatic;
				DEVELOPMENT_TEAM = 658L6ZPG56;
				INFOPLIST_FILE = YandexTestTask/Commons/Info.plist;
				LD_RUNPATH_SEARCH_PATHS = (
					"$(inherited)",
					"@executable_path/Frameworks",
				);
				PRODUCT_BUNDLE_IDENTIFIER = vasilymatveev.YandexTestTask;
				PRODUCT_NAME = "$(TARGET_NAME)";
				SWIFT_VERSION = 5.0;
				TARGETED_DEVICE_FAMILY = 1;
			};
			name = Release;
		};
/* End XCBuildConfiguration section */

/* Begin XCConfigurationList section */
		C11C6CDF25DCFB85002F5EB6 /* Build configuration list for PBXProject "YandexTestTask" */ = {
			isa = XCConfigurationList;
			buildConfigurations = (
				C11C6CF625DCFB87002F5EB6 /* Debug */,
				C11C6CF725DCFB87002F5EB6 /* Release */,
			);
			defaultConfigurationIsVisible = 0;
			defaultConfigurationName = Release;
		};
		C11C6CF825DCFB87002F5EB6 /* Build configuration list for PBXNativeTarget "YandexTestTask" */ = {
			isa = XCConfigurationList;
			buildConfigurations = (
				C11C6CF925DCFB87002F5EB6 /* Debug */,
				C11C6CFA25DCFB87002F5EB6 /* Release */,
			);
			defaultConfigurationIsVisible = 0;
			defaultConfigurationName = Release;
		};
/* End XCConfigurationList section */

/* Begin XCVersionGroup section */
		C1EC470D25E8CF80004B99E7 /* YandexTestTask.xcdatamodeld */ = {
			isa = XCVersionGroup;
			children = (
				C1EC470E25E8CF80004B99E7 /* YandexTestTask.xcdatamodel */,
			);
			currentVersion = C1EC470E25E8CF80004B99E7 /* YandexTestTask.xcdatamodel */;
			path = YandexTestTask.xcdatamodeld;
			sourceTree = "<group>";
			versionGroupType = wrapper.xcdatamodel;
		};
/* End XCVersionGroup section */
	};
	rootObject = C11C6CDC25DCFB85002F5EB6 /* Project object */;
}
