// !$*UTF8*$!
{
	archiveVersion = 1;
	classes = {
	};
	objectVersion = 51;
	objects = {

/* Begin PBXBuildFile section */
		7A9F7093CD9C87301A789C5C /* Pods_YandexTestTask.framework in Frameworks */ = {isa = PBXBuildFile; fileRef = F5FB55BFF3EC1A037D523A87 /* Pods_YandexTestTask.framework */; };
		C11C6CE825DCFB85002F5EB6 /* AppDelegate.swift in Sources */ = {isa = PBXBuildFile; fileRef = C11C6CE725DCFB85002F5EB6 /* AppDelegate.swift */; };
		C11C6CEA25DCFB85002F5EB6 /* SceneDelegate.swift in Sources */ = {isa = PBXBuildFile; fileRef = C11C6CE925DCFB85002F5EB6 /* SceneDelegate.swift */; };
		C11C6CF125DCFB87002F5EB6 /* Assets.xcassets in Resources */ = {isa = PBXBuildFile; fileRef = C11C6CF025DCFB87002F5EB6 /* Assets.xcassets */; };
		C11C6D6525DD2B75002F5EB6 /* LaunchScreen.storyboard in Resources */ = {isa = PBXBuildFile; fileRef = C11C6D6425DD2B75002F5EB6 /* LaunchScreen.storyboard */; };
		C11C6D6F25DD31CD002F5EB6 /* R.generated.swift in Sources */ = {isa = PBXBuildFile; fileRef = C11C6D6E25DD31CD002F5EB6 /* R.generated.swift */; };
		C11C6D7425DD3325002F5EB6 /* StocksViewController.swift in Sources */ = {isa = PBXBuildFile; fileRef = C11C6D7325DD3325002F5EB6 /* StocksViewController.swift */; };
		C11C6D7C25DD4529002F5EB6 /* HorizontalSnappingController.swift in Sources */ = {isa = PBXBuildFile; fileRef = C11C6D7B25DD4529002F5EB6 /* HorizontalSnappingController.swift */; };
		C11C6D8025DD4575002F5EB6 /* BetterSappingLayout.swift in Sources */ = {isa = PBXBuildFile; fileRef = C11C6D7F25DD4575002F5EB6 /* BetterSappingLayout.swift */; };
		C11C6D8325DD5031002F5EB6 /* Constants.swift in Sources */ = {isa = PBXBuildFile; fileRef = C11C6D8225DD5031002F5EB6 /* Constants.swift */; };
		C11C6D8625DE66CE002F5EB6 /* MenuBar.swift in Sources */ = {isa = PBXBuildFile; fileRef = C11C6D8525DE66CE002F5EB6 /* MenuBar.swift */; };
		C11C6D9225DEA8AC002F5EB6 /* MenuBarCell.swift in Sources */ = {isa = PBXBuildFile; fileRef = C11C6D9125DEA8AC002F5EB6 /* MenuBarCell.swift */; };
		C17F0FFF25DFE3EB006CCA52 /* EmptyViewController.swift in Sources */ = {isa = PBXBuildFile; fileRef = C17F0FFE25DFE3EB006CCA52 /* EmptyViewController.swift */; };
		C17F103425E0EE88006CCA52 /* TableViewStockCell.swift in Sources */ = {isa = PBXBuildFile; fileRef = C17F103325E0EE88006CCA52 /* TableViewStockCell.swift */; };
/* End PBXBuildFile section */

/* Begin PBXFileReference section */
		7B3A807B9087AC7587D5956F /* Pods-YandexTestTask.release.xcconfig */ = {isa = PBXFileReference; includeInIndex = 1; lastKnownFileType = text.xcconfig; name = "Pods-YandexTestTask.release.xcconfig"; path = "Target Support Files/Pods-YandexTestTask/Pods-YandexTestTask.release.xcconfig"; sourceTree = "<group>"; };
		A6F1A2E74ED6AA9AD7BBDDAA /* Pods-YandexTestTask.debug.xcconfig */ = {isa = PBXFileReference; includeInIndex = 1; lastKnownFileType = text.xcconfig; name = "Pods-YandexTestTask.debug.xcconfig"; path = "Target Support Files/Pods-YandexTestTask/Pods-YandexTestTask.debug.xcconfig"; sourceTree = "<group>"; };
		C11C6CE425DCFB85002F5EB6 /* YandexTestTask.app */ = {isa = PBXFileReference; explicitFileType = wrapper.application; includeInIndex = 0; path = YandexTestTask.app; sourceTree = BUILT_PRODUCTS_DIR; };
		C11C6CE725DCFB85002F5EB6 /* AppDelegate.swift */ = {isa = PBXFileReference; lastKnownFileType = sourcecode.swift; path = AppDelegate.swift; sourceTree = "<group>"; };
		C11C6CE925DCFB85002F5EB6 /* SceneDelegate.swift */ = {isa = PBXFileReference; lastKnownFileType = sourcecode.swift; path = SceneDelegate.swift; sourceTree = "<group>"; };
		C11C6CF025DCFB87002F5EB6 /* Assets.xcassets */ = {isa = PBXFileReference; lastKnownFileType = folder.assetcatalog; path = Assets.xcassets; sourceTree = "<group>"; };
		C11C6CF525DCFB87002F5EB6 /* Info.plist */ = {isa = PBXFileReference; lastKnownFileType = text.plist.xml; path = Info.plist; sourceTree = "<group>"; };
		C11C6D6425DD2B75002F5EB6 /* LaunchScreen.storyboard */ = {isa = PBXFileReference; fileEncoding = 4; lastKnownFileType = file.storyboard; path = LaunchScreen.storyboard; sourceTree = "<group>"; };
		C11C6D6E25DD31CD002F5EB6 /* R.generated.swift */ = {isa = PBXFileReference; fileEncoding = 4; lastKnownFileType = sourcecode.swift; path = R.generated.swift; sourceTree = SOURCE_ROOT; };
		C11C6D7325DD3325002F5EB6 /* StocksViewController.swift */ = {isa = PBXFileReference; lastKnownFileType = sourcecode.swift; path = StocksViewController.swift; sourceTree = "<group>"; };
		C11C6D7B25DD4529002F5EB6 /* HorizontalSnappingController.swift */ = {isa = PBXFileReference; lastKnownFileType = sourcecode.swift; path = HorizontalSnappingController.swift; sourceTree = "<group>"; };
		C11C6D7F25DD4575002F5EB6 /* BetterSappingLayout.swift */ = {isa = PBXFileReference; lastKnownFileType = sourcecode.swift; path = BetterSappingLayout.swift; sourceTree = "<group>"; };
		C11C6D8225DD5031002F5EB6 /* Constants.swift */ = {isa = PBXFileReference; lastKnownFileType = sourcecode.swift; path = Constants.swift; sourceTree = "<group>"; };
		C11C6D8525DE66CE002F5EB6 /* MenuBar.swift */ = {isa = PBXFileReference; lastKnownFileType = sourcecode.swift; path = MenuBar.swift; sourceTree = "<group>"; };
		C11C6D9125DEA8AC002F5EB6 /* MenuBarCell.swift */ = {isa = PBXFileReference; lastKnownFileType = sourcecode.swift; path = MenuBarCell.swift; sourceTree = "<group>"; };
		C17F0FFE25DFE3EB006CCA52 /* EmptyViewController.swift */ = {isa = PBXFileReference; lastKnownFileType = sourcecode.swift; path = EmptyViewController.swift; sourceTree = "<group>"; };
		C17F103325E0EE88006CCA52 /* TableViewStockCell.swift */ = {isa = PBXFileReference; lastKnownFileType = sourcecode.swift; path = TableViewStockCell.swift; sourceTree = "<group>"; };
		F5FB55BFF3EC1A037D523A87 /* Pods_YandexTestTask.framework */ = {isa = PBXFileReference; explicitFileType = wrapper.framework; includeInIndex = 0; path = Pods_YandexTestTask.framework; sourceTree = BUILT_PRODUCTS_DIR; };
/* End PBXFileReference section */

/* Begin PBXFrameworksBuildPhase section */
		C11C6CE125DCFB85002F5EB6 /* Frameworks */ = {
			isa = PBXFrameworksBuildPhase;
			buildActionMask = 2147483647;
			files = (
				7A9F7093CD9C87301A789C5C /* Pods_YandexTestTask.framework in Frameworks */,
			);
			runOnlyForDeploymentPostprocessing = 0;
		};
/* End PBXFrameworksBuildPhase section */

/* Begin PBXGroup section */
		8286CB3A0A27EB8788DEC3D8 /* Pods */ = {
			isa = PBXGroup;
			children = (
				A6F1A2E74ED6AA9AD7BBDDAA /* Pods-YandexTestTask.debug.xcconfig */,
				7B3A807B9087AC7587D5956F /* Pods-YandexTestTask.release.xcconfig */,
			);
			path = Pods;
			sourceTree = "<group>";
		};
		B9DBBA605EA9492A255EA222 /* Frameworks */ = {
			isa = PBXGroup;
			children = (
				F5FB55BFF3EC1A037D523A87 /* Pods_YandexTestTask.framework */,
			);
			name = Frameworks;
			sourceTree = "<group>";
		};
		C11C6CDB25DCFB85002F5EB6 = {
			isa = PBXGroup;
			children = (
				C11C6CE625DCFB85002F5EB6 /* YandexTestTask */,
				C11C6D8D25DEA69F002F5EB6 /* Trash */,
				C11C6CE525DCFB85002F5EB6 /* Products */,
				8286CB3A0A27EB8788DEC3D8 /* Pods */,
				B9DBBA605EA9492A255EA222 /* Frameworks */,
			);
			sourceTree = "<group>";
		};
		C11C6CE525DCFB85002F5EB6 /* Products */ = {
			isa = PBXGroup;
			children = (
				C11C6CE425DCFB85002F5EB6 /* YandexTestTask.app */,
			);
			name = Products;
			sourceTree = "<group>";
		};
		C11C6CE625DCFB85002F5EB6 /* YandexTestTask */ = {
			isa = PBXGroup;
			children = (
				C11C6D7A25DD451E002F5EB6 /* Helpers */,
				C11C6D7825DD3476002F5EB6 /* Models */,
				C17F103225E0EE45006CCA52 /* Views */,
				C11C6D7125DD3308002F5EB6 /* StocksScreen */,
				C11C6D6A25DD2CCE002F5EB6 /* Resources */,
				C11C6D6725DD2B8D002F5EB6 /* Commons */,
			);
			path = YandexTestTask;
			sourceTree = "<group>";
		};
		C11C6D6725DD2B8D002F5EB6 /* Commons */ = {
			isa = PBXGroup;
			children = (
				C11C6CE925DCFB85002F5EB6 /* SceneDelegate.swift */,
				C11C6CE725DCFB85002F5EB6 /* AppDelegate.swift */,
				C11C6D6E25DD31CD002F5EB6 /* R.generated.swift */,
				C11C6CF525DCFB87002F5EB6 /* Info.plist */,
				C11C6D6425DD2B75002F5EB6 /* LaunchScreen.storyboard */,
			);
			path = Commons;
			sourceTree = "<group>";
		};
		C11C6D6A25DD2CCE002F5EB6 /* Resources */ = {
			isa = PBXGroup;
			children = (
				C11C6CF025DCFB87002F5EB6 /* Assets.xcassets */,
			);
			path = Resources;
			sourceTree = "<group>";
		};
		C11C6D7125DD3308002F5EB6 /* StocksScreen */ = {
			isa = PBXGroup;
			children = (
				C11C6D7325DD3325002F5EB6 /* StocksViewController.swift */,
				C17F103325E0EE88006CCA52 /* TableViewStockCell.swift */,
			);
			path = StocksScreen;
			sourceTree = "<group>";
		};
		C11C6D7825DD3476002F5EB6 /* Models */ = {
			isa = PBXGroup;
			children = (
			);
			path = Models;
			sourceTree = "<group>";
		};
		C11C6D7A25DD451E002F5EB6 /* Helpers */ = {
			isa = PBXGroup;
			children = (
				C11C6D8225DD5031002F5EB6 /* Constants.swift */,
				C17F0FFE25DFE3EB006CCA52 /* EmptyViewController.swift */,
			);
			path = Helpers;
			sourceTree = "<group>";
		};
		C11C6D8D25DEA69F002F5EB6 /* Trash */ = {
			isa = PBXGroup;
			children = (
				C11C6D7B25DD4529002F5EB6 /* HorizontalSnappingController.swift */,
				C11C6D7F25DD4575002F5EB6 /* BetterSappingLayout.swift */,
			);
			path = Trash;
			sourceTree = "<group>";
		};
		C17F103225E0EE45006CCA52 /* Views */ = {
			isa = PBXGroup;
			children = (
				C11C6D8525DE66CE002F5EB6 /* MenuBar.swift */,
				C11C6D9125DEA8AC002F5EB6 /* MenuBarCell.swift */,
			);
			path = Views;
			sourceTree = "<group>";
		};
/* End PBXGroup section */

/* Begin PBXNativeTarget section */
		C11C6CE325DCFB85002F5EB6 /* YandexTestTask */ = {
			isa = PBXNativeTarget;
			buildConfigurationList = C11C6CF825DCFB87002F5EB6 /* Build configuration list for PBXNativeTarget "YandexTestTask" */;
			buildPhases = (
				24CB7B55A16ADCD8A181153A /* [CP] Check Pods Manifest.lock */,
				C11C6D1525DCFDEF002F5EB6 /* SwiftFormat */,
				C11C6D2A25DCFFB2002F5EB6 /* SwiftLint */,
				C11C6D3925DD0152002F5EB6 /* RSwift */,
				C11C6CE025DCFB85002F5EB6 /* Sources */,
				C11C6CE125DCFB85002F5EB6 /* Frameworks */,
				C11C6CE225DCFB85002F5EB6 /* Resources */,
				980E0A6FD01B2699A9AADC34 /* [CP] Embed Pods Frameworks */,
			);
			buildRules = (
			);
			dependencies = (
			);
			name = YandexTestTask;
			productName = YandexTestTask;
			productReference = C11C6CE425DCFB85002F5EB6 /* YandexTestTask.app */;
			productType = "com.apple.product-type.application";
		};
/* End PBXNativeTarget section */

/* Begin PBXProject section */
		C11C6CDC25DCFB85002F5EB6 /* Project object */ = {
			isa = PBXProject;
			attributes = {
				LastSwiftUpdateCheck = 1240;
				LastUpgradeCheck = 1240;
				TargetAttributes = {
					C11C6CE325DCFB85002F5EB6 = {
						CreatedOnToolsVersion = 12.4;
					};
				};
			};
			buildConfigurationList = C11C6CDF25DCFB85002F5EB6 /* Build configuration list for PBXProject "YandexTestTask" */;
			compatibilityVersion = "Xcode 9.3";
			developmentRegion = en;
			hasScannedForEncodings = 0;
			knownRegions = (
				en,
				Base,
			);
			mainGroup = C11C6CDB25DCFB85002F5EB6;
			productRefGroup = C11C6CE525DCFB85002F5EB6 /* Products */;
			projectDirPath = "";
			projectRoot = "";
			targets = (
				C11C6CE325DCFB85002F5EB6 /* YandexTestTask */,
			);
		};
/* End PBXProject section */

/* Begin PBXResourcesBuildPhase section */
		C11C6CE225DCFB85002F5EB6 /* Resources */ = {
			isa = PBXResourcesBuildPhase;
			buildActionMask = 2147483647;
			files = (
				C11C6D6525DD2B75002F5EB6 /* LaunchScreen.storyboard in Resources */,
				C11C6CF125DCFB87002F5EB6 /* Assets.xcassets in Resources */,
			);
			runOnlyForDeploymentPostprocessing = 0;
		};
/* End PBXResourcesBuildPhase section */

/* Begin PBXShellScriptBuildPhase section */
		24CB7B55A16ADCD8A181153A /* [CP] Check Pods Manifest.lock */ = {
			isa = PBXShellScriptBuildPhase;
			buildActionMask = 2147483647;
			files = (
			);
			inputFileListPaths = (
			);
			inputPaths = (
				"${PODS_PODFILE_DIR_PATH}/Podfile.lock",
				"${PODS_ROOT}/Manifest.lock",
			);
			name = "[CP] Check Pods Manifest.lock";
			outputFileListPaths = (
			);
			outputPaths = (
				"$(DERIVED_FILE_DIR)/Pods-YandexTestTask-checkManifestLockResult.txt",
			);
			runOnlyForDeploymentPostprocessing = 0;
			shellPath = /bin/sh;
			shellScript = "diff \"${PODS_PODFILE_DIR_PATH}/Podfile.lock\" \"${PODS_ROOT}/Manifest.lock\" > /dev/null\nif [ $? != 0 ] ; then\n    # print error to STDERR\n    echo \"error: The sandbox is not in sync with the Podfile.lock. Run 'pod install' or update your CocoaPods installation.\" >&2\n    exit 1\nfi\n# This output is used by Xcode 'outputs' to avoid re-running this script phase.\necho \"SUCCESS\" > \"${SCRIPT_OUTPUT_FILE_0}\"\n";
			showEnvVarsInLog = 0;
		};
		980E0A6FD01B2699A9AADC34 /* [CP] Embed Pods Frameworks */ = {
			isa = PBXShellScriptBuildPhase;
			buildActionMask = 2147483647;
			files = (
			);
			inputFileListPaths = (
				"${PODS_ROOT}/Target Support Files/Pods-YandexTestTask/Pods-YandexTestTask-frameworks-${CONFIGURATION}-input-files.xcfilelist",
			);
			name = "[CP] Embed Pods Frameworks";
			outputFileListPaths = (
				"${PODS_ROOT}/Target Support Files/Pods-YandexTestTask/Pods-YandexTestTask-frameworks-${CONFIGURATION}-output-files.xcfilelist",
			);
			runOnlyForDeploymentPostprocessing = 0;
			shellPath = /bin/sh;
			shellScript = "\"${PODS_ROOT}/Target Support Files/Pods-YandexTestTask/Pods-YandexTestTask-frameworks.sh\"\n";
			showEnvVarsInLog = 0;
		};
		C11C6D1525DCFDEF002F5EB6 /* SwiftFormat */ = {
			isa = PBXShellScriptBuildPhase;
			buildActionMask = 2147483647;
			files = (
			);
			inputFileListPaths = (
			);
			inputPaths = (
			);
			name = SwiftFormat;
			outputFileListPaths = (
			);
			outputPaths = (
			);
			runOnlyForDeploymentPostprocessing = 0;
			shellPath = /bin/sh;
			shellScript = "\"${PODS_ROOT}/SwiftFormat/CommandLineTool/swiftformat\" \"$SRCROOT\"\n";
		};
		C11C6D2A25DCFFB2002F5EB6 /* SwiftLint */ = {
			isa = PBXShellScriptBuildPhase;
			buildActionMask = 2147483647;
			files = (
			);
			inputFileListPaths = (
			);
			inputPaths = (
			);
			name = SwiftLint;
			outputFileListPaths = (
			);
			outputPaths = (
			);
			runOnlyForDeploymentPostprocessing = 0;
			shellPath = /bin/sh;
			shellScript = "${PODS_ROOT}/SwiftLint/swiftlint\n";
		};
		C11C6D3925DD0152002F5EB6 /* RSwift */ = {
			isa = PBXShellScriptBuildPhase;
			buildActionMask = 2147483647;
			files = (
			);
			inputFileListPaths = (
			);
			inputPaths = (
				"$TEMP_DIR/rswift-lastrun",
			);
			name = RSwift;
			outputFileListPaths = (
			);
			outputPaths = (
				$SRCROOT/R.generated.swift,
			);
			runOnlyForDeploymentPostprocessing = 0;
			shellPath = /bin/sh;
			shellScript = "\"$PODS_ROOT/R.swift/rswift\" generate \"$SRCROOT/R.generated.swift\"\n";
		};
/* End PBXShellScriptBuildPhase section */

/* Begin PBXSourcesBuildPhase section */
		C11C6CE025DCFB85002F5EB6 /* Sources */ = {
			isa = PBXSourcesBuildPhase;
			buildActionMask = 2147483647;
			files = (
				C11C6CE825DCFB85002F5EB6 /* AppDelegate.swift in Sources */,
				C11C6CEA25DCFB85002F5EB6 /* SceneDelegate.swift in Sources */,
				C17F0FFF25DFE3EB006CCA52 /* EmptyViewController.swift in Sources */,
				C11C6D8025DD4575002F5EB6 /* BetterSappingLayout.swift in Sources */,
				C11C6D7425DD3325002F5EB6 /* StocksViewController.swift in Sources */,
				C11C6D8325DD5031002F5EB6 /* Constants.swift in Sources */,
				C11C6D9225DEA8AC002F5EB6 /* MenuBarCell.swift in Sources */,
				C11C6D6F25DD31CD002F5EB6 /* R.generated.swift in Sources */,
				C11C6D8625DE66CE002F5EB6 /* MenuBar.swift in Sources */,
				C11C6D7C25DD4529002F5EB6 /* HorizontalSnappingController.swift in Sources */,
				C17F103425E0EE88006CCA52 /* TableViewStockCell.swift in Sources */,
			);
			runOnlyForDeploymentPostprocessing = 0;
		};
/* End PBXSourcesBuildPhase section */

/* Begin XCBuildConfiguration section */
		C11C6CF625DCFB87002F5EB6 /* Debug */ = {
			isa = XCBuildConfiguration;
			buildSettings = {
				ALWAYS_SEARCH_USER_PATHS = NO;
				CLANG_ANALYZER_NONNULL = YES;
				CLANG_ANALYZER_NUMBER_OBJECT_CONVERSION = YES_AGGRESSIVE;
				CLANG_CXX_LANGUAGE_STANDARD = "gnu++14";
				CLANG_CXX_LIBRARY = "libc++";
				CLANG_ENABLE_MODULES = YES;
				CLANG_ENABLE_OBJC_ARC = YES;
				CLANG_ENABLE_OBJC_WEAK = YES;
				CLANG_WARN_BLOCK_CAPTURE_AUTORELEASING = YES;
				CLANG_WARN_BOOL_CONVERSION = YES;
				CLANG_WARN_COMMA = YES;
				CLANG_WARN_CONSTANT_CONVERSION = YES;
				CLANG_WARN_DEPRECATED_OBJC_IMPLEMENTATIONS = YES;
				CLANG_WARN_DIRECT_OBJC_ISA_USAGE = YES_ERROR;
				CLANG_WARN_DOCUMENTATION_COMMENTS = YES;
				CLANG_WARN_EMPTY_BODY = YES;
				CLANG_WARN_ENUM_CONVERSION = YES;
				CLANG_WARN_INFINITE_RECURSION = YES;
				CLANG_WARN_INT_CONVERSION = YES;
				CLANG_WARN_NON_LITERAL_NULL_CONVERSION = YES;
				CLANG_WARN_OBJC_IMPLICIT_RETAIN_SELF = YES;
				CLANG_WARN_OBJC_LITERAL_CONVERSION = YES;
				CLANG_WARN_OBJC_ROOT_CLASS = YES_ERROR;
				CLANG_WARN_QUOTED_INCLUDE_IN_FRAMEWORK_HEADER = YES;
				CLANG_WARN_RANGE_LOOP_ANALYSIS = YES;
				CLANG_WARN_STRICT_PROTOTYPES = YES;
				CLANG_WARN_SUSPICIOUS_MOVE = YES;
				CLANG_WARN_UNGUARDED_AVAILABILITY = YES_AGGRESSIVE;
				CLANG_WARN_UNREACHABLE_CODE = YES;
				CLANG_WARN__DUPLICATE_METHOD_MATCH = YES;
				COPY_PHASE_STRIP = NO;
				DEBUG_INFORMATION_FORMAT = dwarf;
				ENABLE_STRICT_OBJC_MSGSEND = YES;
				ENABLE_TESTABILITY = YES;
				GCC_C_LANGUAGE_STANDARD = gnu11;
				GCC_DYNAMIC_NO_PIC = NO;
				GCC_NO_COMMON_BLOCKS = YES;
				GCC_OPTIMIZATION_LEVEL = 0;
				GCC_PREPROCESSOR_DEFINITIONS = (
					"DEBUG=1",
					"$(inherited)",
				);
				GCC_WARN_64_TO_32_BIT_CONVERSION = YES;
				GCC_WARN_ABOUT_RETURN_TYPE = YES_ERROR;
				GCC_WARN_UNDECLARED_SELECTOR = YES;
				GCC_WARN_UNINITIALIZED_AUTOS = YES_AGGRESSIVE;
				GCC_WARN_UNUSED_FUNCTION = YES;
				GCC_WARN_UNUSED_VARIABLE = YES;
				IPHONEOS_DEPLOYMENT_TARGET = 14.4;
				MTL_ENABLE_DEBUG_INFO = INCLUDE_SOURCE;
				MTL_FAST_MATH = YES;
				ONLY_ACTIVE_ARCH = YES;
				SDKROOT = iphoneos;
				SWIFT_ACTIVE_COMPILATION_CONDITIONS = DEBUG;
				SWIFT_OPTIMIZATION_LEVEL = "-Onone";
			};
			name = Debug;
		};
		C11C6CF725DCFB87002F5EB6 /* Release */ = {
			isa = XCBuildConfiguration;
			buildSettings = {
				ALWAYS_SEARCH_USER_PATHS = NO;
				CLANG_ANALYZER_NONNULL = YES;
				CLANG_ANALYZER_NUMBER_OBJECT_CONVERSION = YES_AGGRESSIVE;
				CLANG_CXX_LANGUAGE_STANDARD = "gnu++14";
				CLANG_CXX_LIBRARY = "libc++";
				CLANG_ENABLE_MODULES = YES;
				CLANG_ENABLE_OBJC_ARC = YES;
				CLANG_ENABLE_OBJC_WEAK = YES;
				CLANG_WARN_BLOCK_CAPTURE_AUTORELEASING = YES;
				CLANG_WARN_BOOL_CONVERSION = YES;
				CLANG_WARN_COMMA = YES;
				CLANG_WARN_CONSTANT_CONVERSION = YES;
				CLANG_WARN_DEPRECATED_OBJC_IMPLEMENTATIONS = YES;
				CLANG_WARN_DIRECT_OBJC_ISA_USAGE = YES_ERROR;
				CLANG_WARN_DOCUMENTATION_COMMENTS = YES;
				CLANG_WARN_EMPTY_BODY = YES;
				CLANG_WARN_ENUM_CONVERSION = YES;
				CLANG_WARN_INFINITE_RECURSION = YES;
				CLANG_WARN_INT_CONVERSION = YES;
				CLANG_WARN_NON_LITERAL_NULL_CONVERSION = YES;
				CLANG_WARN_OBJC_IMPLICIT_RETAIN_SELF = YES;
				CLANG_WARN_OBJC_LITERAL_CONVERSION = YES;
				CLANG_WARN_OBJC_ROOT_CLASS = YES_ERROR;
				CLANG_WARN_QUOTED_INCLUDE_IN_FRAMEWORK_HEADER = YES;
				CLANG_WARN_RANGE_LOOP_ANALYSIS = YES;
				CLANG_WARN_STRICT_PROTOTYPES = YES;
				CLANG_WARN_SUSPICIOUS_MOVE = YES;
				CLANG_WARN_UNGUARDED_AVAILABILITY = YES_AGGRESSIVE;
				CLANG_WARN_UNREACHABLE_CODE = YES;
				CLANG_WARN__DUPLICATE_METHOD_MATCH = YES;
				COPY_PHASE_STRIP = NO;
				DEBUG_INFORMATION_FORMAT = "dwarf-with-dsym";
				ENABLE_NS_ASSERTIONS = NO;
				ENABLE_STRICT_OBJC_MSGSEND = YES;
				GCC_C_LANGUAGE_STANDARD = gnu11;
				GCC_NO_COMMON_BLOCKS = YES;
				GCC_WARN_64_TO_32_BIT_CONVERSION = YES;
				GCC_WARN_ABOUT_RETURN_TYPE = YES_ERROR;
				GCC_WARN_UNDECLARED_SELECTOR = YES;
				GCC_WARN_UNINITIALIZED_AUTOS = YES_AGGRESSIVE;
				GCC_WARN_UNUSED_FUNCTION = YES;
				GCC_WARN_UNUSED_VARIABLE = YES;
				IPHONEOS_DEPLOYMENT_TARGET = 14.4;
				MTL_ENABLE_DEBUG_INFO = NO;
				MTL_FAST_MATH = YES;
				SDKROOT = iphoneos;
				SWIFT_COMPILATION_MODE = wholemodule;
				SWIFT_OPTIMIZATION_LEVEL = "-O";
				VALIDATE_PRODUCT = YES;
			};
			name = Release;
		};
		C11C6CF925DCFB87002F5EB6 /* Debug */ = {
			isa = XCBuildConfiguration;
			baseConfigurationReference = A6F1A2E74ED6AA9AD7BBDDAA /* Pods-YandexTestTask.debug.xcconfig */;
			buildSettings = {
				ASSETCATALOG_COMPILER_APPICON_NAME = AppIcon;
				ASSETCATALOG_COMPILER_GLOBAL_ACCENT_COLOR_NAME = AccentColor;
				CODE_SIGN_STYLE = Automatic;
				DEVELOPMENT_TEAM = 658L6ZPG56;
				INFOPLIST_FILE = YandexTestTask/Commons/Info.plist;
				LD_RUNPATH_SEARCH_PATHS = (
					"$(inherited)",
					"@executable_path/Frameworks",
				);
				PRODUCT_BUNDLE_IDENTIFIER = vasilymatveev.YandexTestTask;
				PRODUCT_NAME = "$(TARGET_NAME)";
				SWIFT_VERSION = 5.0;
				TARGETED_DEVICE_FAMILY = 1;
			};
			name = Debug;
		};
		C11C6CFA25DCFB87002F5EB6 /* Release */ = {
			isa = XCBuildConfiguration;
			baseConfigurationReference = 7B3A807B9087AC7587D5956F /* Pods-YandexTestTask.release.xcconfig */;
			buildSettings = {
				ASSETCATALOG_COMPILER_APPICON_NAME = AppIcon;
				ASSETCATALOG_COMPILER_GLOBAL_ACCENT_COLOR_NAME = AccentColor;
				CODE_SIGN_STYLE = Automatic;
				DEVELOPMENT_TEAM = 658L6ZPG56;
				INFOPLIST_FILE = YandexTestTask/Commons/Info.plist;
				LD_RUNPATH_SEARCH_PATHS = (
					"$(inherited)",
					"@executable_path/Frameworks",
				);
				PRODUCT_BUNDLE_IDENTIFIER = vasilymatveev.YandexTestTask;
				PRODUCT_NAME = "$(TARGET_NAME)";
				SWIFT_VERSION = 5.0;
				TARGETED_DEVICE_FAMILY = 1;
			};
			name = Release;
		};
/* End XCBuildConfiguration section */

/* Begin XCConfigurationList section */
		C11C6CDF25DCFB85002F5EB6 /* Build configuration list for PBXProject "YandexTestTask" */ = {
			isa = XCConfigurationList;
			buildConfigurations = (
				C11C6CF625DCFB87002F5EB6 /* Debug */,
				C11C6CF725DCFB87002F5EB6 /* Release */,
			);
			defaultConfigurationIsVisible = 0;
			defaultConfigurationName = Release;
		};
		C11C6CF825DCFB87002F5EB6 /* Build configuration list for PBXNativeTarget "YandexTestTask" */ = {
			isa = XCConfigurationList;
			buildConfigurations = (
				C11C6CF925DCFB87002F5EB6 /* Debug */,
				C11C6CFA25DCFB87002F5EB6 /* Release */,
			);
			defaultConfigurationIsVisible = 0;
			defaultConfigurationName = Release;
		};
/* End XCConfigurationList section */
	};
	rootObject = C11C6CDC25DCFB85002F5EB6 /* Project object */;
}
